
Microsoft Visual Studio Solution File, Format Version 12.00
# Visual Studio 15
VisualStudioVersion = 15.0.28010.2016
MinimumVisualStudioVersion = 10.0.40219.1
Project("{FAE04EC0-301F-11D3-BF4B-00C04F79EFBC}") = "EntityTest", "EntityTest\EntityTest.csproj", "{74CB05AF-7492-4E7E-9602-12B966F20C92}"
EndProject
Project("{FAE04EC0-301F-11D3-BF4B-00C04F79EFBC}") = "Core", "Core\Core.csproj", "{FEA546D9-64C5-4797-8295-B02AF9E30D09}"
EndProject
Global
	GlobalSection(SolutionConfigurationPlatforms) = preSolution
		Debug|Any CPU = Debug|Any CPU
		Release|Any CPU = Release|Any CPU
	EndGlobalSection
	GlobalSection(ProjectConfigurationPlatforms) = postSolution
		{74CB05AF-7492-4E7E-9602-12B966F20C92}.Debug|Any CPU.ActiveCfg = Debug|Any CPU
		{74CB05AF-7492-4E7E-9602-12B966F20C92}.Debug|Any CPU.Build.0 = Debug|Any CPU
		{74CB05AF-7492-4E7E-9602-12B966F20C92}.Release|Any CPU.ActiveCfg = Release|Any CPU
		{74CB05AF-7492-4E7E-9602-12B966F20C92}.Release|Any CPU.Build.0 = Release|Any CPU
		{FEA546D9-64C5-4797-8295-B02AF9E30D09}.Debug|Any CPU.ActiveCfg = Debug|Any CPU
		{FEA546D9-64C5-4797-8295-B02AF9E30D09}.Debug|Any CPU.Build.0 = Debug|Any CPU
		{FEA546D9-64C5-4797-8295-B02AF9E30D09}.Release|Any CPU.ActiveCfg = Release|Any CPU
		{FEA546D9-64C5-4797-8295-B02AF9E30D09}.Release|Any CPU.Build.0 = Release|Any CPU
	EndGlobalSection
	GlobalSection(SolutionProperties) = preSolution
		HideSolutionNode = FALSE
	EndGlobalSection
	GlobalSection(ExtensibilityGlobals) = postSolution
		SolutionGuid = {F1524098-EBA5-4E64-8827-38ECAD303F55}
	EndGlobalSection
EndGlobal
